
Microsoft Visual Studio Solution File, Format Version 12.00
# Visual Studio Version 16
VisualStudioVersion = 16.0.29418.71
MinimumVisualStudioVersion = 10.0.40219.1
Project("{FAE04EC0-301F-11D3-BF4B-00C04F79EFBC}") = "PannelloCharger", "ManagerInterface\PannelloCharger.csproj", "{D90FBC3E-64DF-4AD4-BD0D-31EA3905D387}"
EndProject
Project("{FAE04EC0-301F-11D3-BF4B-00C04F79EFBC}") = "LadeLightPcl", "..\LadeLightPcl\LadeLightPcl.csproj", "{CD7B5A1C-4014-4707-90CC-824FA4FFBF10}"
EndProject
Project("{FAE04EC0-301F-11D3-BF4B-00C04F79EFBC}") = "MdiHelper", "..\MdiHelper\MdiHelper.csproj", "{4443444A-0788-4A40-8812-9AFFA11B2E7F}"
EndProject
Project("{FAE04EC0-301F-11D3-BF4B-00C04F79EFBC}") = "LLPlantService", "LLPlantService\LLPlantService.csproj", "{B7054E19-B956-4702-B4DD-7388AC5ACF5D}"
EndProject
Project("{FAE04EC0-301F-11D3-BF4B-00C04F79EFBC}") = "CustomTabControl", "..\CustomTabControl\CustomTabControl.csproj", "{4DBFE2CF-45E4-4594-8E6A-5EBC2EEF85AE}"
EndProject
Project("{FAE04EC0-301F-11D3-BF4B-00C04F79EFBC}") = "USBClassLibrary", "..\USBClassLibrary\USBClassLibrary.csproj", "{B89A0E26-8A40-4EB2-BEEC-100359BCE76E}"
EndProject
Global
	GlobalSection(SolutionConfigurationPlatforms) = preSolution
		All|Any CPU = All|Any CPU
		All|x86 = All|x86
		Debug|Any CPU = Debug|Any CPU
		Debug|x86 = Debug|x86
		DefaultBuild|Any CPU = DefaultBuild|Any CPU
		DefaultBuild|x86 = DefaultBuild|x86
		Release|Any CPU = Release|Any CPU
		Release|x86 = Release|x86
	EndGlobalSection
	GlobalSection(ProjectConfigurationPlatforms) = postSolution
		{D90FBC3E-64DF-4AD4-BD0D-31EA3905D387}.All|Any CPU.ActiveCfg = Release|Any CPU
		{D90FBC3E-64DF-4AD4-BD0D-31EA3905D387}.All|Any CPU.Build.0 = Release|Any CPU
		{D90FBC3E-64DF-4AD4-BD0D-31EA3905D387}.All|x86.ActiveCfg = Debug|Any CPU
		{D90FBC3E-64DF-4AD4-BD0D-31EA3905D387}.All|x86.Build.0 = Debug|Any CPU
		{D90FBC3E-64DF-4AD4-BD0D-31EA3905D387}.Debug|Any CPU.ActiveCfg = Debug|Any CPU
		{D90FBC3E-64DF-4AD4-BD0D-31EA3905D387}.Debug|Any CPU.Build.0 = Debug|Any CPU
		{D90FBC3E-64DF-4AD4-BD0D-31EA3905D387}.Debug|x86.ActiveCfg = Debug|Any CPU
		{D90FBC3E-64DF-4AD4-BD0D-31EA3905D387}.Debug|x86.Build.0 = Debug|Any CPU
		{D90FBC3E-64DF-4AD4-BD0D-31EA3905D387}.DefaultBuild|Any CPU.ActiveCfg = Debug|Any CPU
		{D90FBC3E-64DF-4AD4-BD0D-31EA3905D387}.DefaultBuild|Any CPU.Build.0 = Debug|Any CPU
		{D90FBC3E-64DF-4AD4-BD0D-31EA3905D387}.DefaultBuild|x86.ActiveCfg = Debug|Any CPU
		{D90FBC3E-64DF-4AD4-BD0D-31EA3905D387}.DefaultBuild|x86.Build.0 = Debug|Any CPU
		{D90FBC3E-64DF-4AD4-BD0D-31EA3905D387}.Release|Any CPU.ActiveCfg = Release|Any CPU
		{D90FBC3E-64DF-4AD4-BD0D-31EA3905D387}.Release|Any CPU.Build.0 = Release|Any CPU
		{D90FBC3E-64DF-4AD4-BD0D-31EA3905D387}.Release|x86.ActiveCfg = Release|Any CPU
		{D90FBC3E-64DF-4AD4-BD0D-31EA3905D387}.Release|x86.Build.0 = Release|Any CPU
		{CD7B5A1C-4014-4707-90CC-824FA4FFBF10}.All|Any CPU.ActiveCfg = Release|Any CPU
		{CD7B5A1C-4014-4707-90CC-824FA4FFBF10}.All|Any CPU.Build.0 = Release|Any CPU
		{CD7B5A1C-4014-4707-90CC-824FA4FFBF10}.All|x86.ActiveCfg = Debug|Any CPU
		{CD7B5A1C-4014-4707-90CC-824FA4FFBF10}.All|x86.Build.0 = Debug|Any CPU
		{CD7B5A1C-4014-4707-90CC-824FA4FFBF10}.Debug|Any CPU.ActiveCfg = Debug|Any CPU
		{CD7B5A1C-4014-4707-90CC-824FA4FFBF10}.Debug|Any CPU.Build.0 = Debug|Any CPU
		{CD7B5A1C-4014-4707-90CC-824FA4FFBF10}.Debug|x86.ActiveCfg = Debug|Any CPU
		{CD7B5A1C-4014-4707-90CC-824FA4FFBF10}.Debug|x86.Build.0 = Debug|Any CPU
		{CD7B5A1C-4014-4707-90CC-824FA4FFBF10}.DefaultBuild|Any CPU.ActiveCfg = Debug|Any CPU
		{CD7B5A1C-4014-4707-90CC-824FA4FFBF10}.DefaultBuild|Any CPU.Build.0 = Debug|Any CPU
		{CD7B5A1C-4014-4707-90CC-824FA4FFBF10}.DefaultBuild|x86.ActiveCfg = Debug|Any CPU
		{CD7B5A1C-4014-4707-90CC-824FA4FFBF10}.DefaultBuild|x86.Build.0 = Debug|Any CPU
		{CD7B5A1C-4014-4707-90CC-824FA4FFBF10}.Release|Any CPU.ActiveCfg = Release|Any CPU
		{CD7B5A1C-4014-4707-90CC-824FA4FFBF10}.Release|Any CPU.Build.0 = Release|Any CPU
		{CD7B5A1C-4014-4707-90CC-824FA4FFBF10}.Release|x86.ActiveCfg = Release|Any CPU
		{CD7B5A1C-4014-4707-90CC-824FA4FFBF10}.Release|x86.Build.0 = Release|Any CPU
		{4443444A-0788-4A40-8812-9AFFA11B2E7F}.All|Any CPU.ActiveCfg = Release|Any CPU
		{4443444A-0788-4A40-8812-9AFFA11B2E7F}.All|Any CPU.Build.0 = Release|Any CPU
		{4443444A-0788-4A40-8812-9AFFA11B2E7F}.All|x86.ActiveCfg = Debug|Any CPU
		{4443444A-0788-4A40-8812-9AFFA11B2E7F}.All|x86.Build.0 = Debug|Any CPU
		{4443444A-0788-4A40-8812-9AFFA11B2E7F}.Debug|Any CPU.ActiveCfg = Debug|Any CPU
		{4443444A-0788-4A40-8812-9AFFA11B2E7F}.Debug|Any CPU.Build.0 = Debug|Any CPU
		{4443444A-0788-4A40-8812-9AFFA11B2E7F}.Debug|x86.ActiveCfg = Debug|Any CPU
		{4443444A-0788-4A40-8812-9AFFA11B2E7F}.Debug|x86.Build.0 = Debug|Any CPU
		{4443444A-0788-4A40-8812-9AFFA11B2E7F}.DefaultBuild|Any CPU.ActiveCfg = Debug|Any CPU
		{4443444A-0788-4A40-8812-9AFFA11B2E7F}.DefaultBuild|Any CPU.Build.0 = Debug|Any CPU
		{4443444A-0788-4A40-8812-9AFFA11B2E7F}.DefaultBuild|x86.ActiveCfg = Debug|Any CPU
		{4443444A-0788-4A40-8812-9AFFA11B2E7F}.DefaultBuild|x86.Build.0 = Debug|Any CPU
		{4443444A-0788-4A40-8812-9AFFA11B2E7F}.Release|Any CPU.ActiveCfg = Release|Any CPU
		{4443444A-0788-4A40-8812-9AFFA11B2E7F}.Release|Any CPU.Build.0 = Release|Any CPU
		{4443444A-0788-4A40-8812-9AFFA11B2E7F}.Release|x86.ActiveCfg = Release|Any CPU
		{4443444A-0788-4A40-8812-9AFFA11B2E7F}.Release|x86.Build.0 = Release|Any CPU
		{B7054E19-B956-4702-B4DD-7388AC5ACF5D}.All|Any CPU.ActiveCfg = Release|Any CPU
		{B7054E19-B956-4702-B4DD-7388AC5ACF5D}.All|Any CPU.Build.0 = Release|Any CPU
		{B7054E19-B956-4702-B4DD-7388AC5ACF5D}.All|x86.ActiveCfg = Debug|Any CPU
		{B7054E19-B956-4702-B4DD-7388AC5ACF5D}.All|x86.Build.0 = Debug|Any CPU
		{B7054E19-B956-4702-B4DD-7388AC5ACF5D}.Debug|Any CPU.ActiveCfg = Debug|Any CPU
		{B7054E19-B956-4702-B4DD-7388AC5ACF5D}.Debug|Any CPU.Build.0 = Debug|Any CPU
		{B7054E19-B956-4702-B4DD-7388AC5ACF5D}.Debug|x86.ActiveCfg = Debug|Any CPU
		{B7054E19-B956-4702-B4DD-7388AC5ACF5D}.Debug|x86.Build.0 = Debug|Any CPU
		{B7054E19-B956-4702-B4DD-7388AC5ACF5D}.DefaultBuild|Any CPU.ActiveCfg = Debug|Any CPU
		{B7054E19-B956-4702-B4DD-7388AC5ACF5D}.DefaultBuild|Any CPU.Build.0 = Debug|Any CPU
		{B7054E19-B956-4702-B4DD-7388AC5ACF5D}.DefaultBuild|x86.ActiveCfg = Debug|Any CPU
		{B7054E19-B956-4702-B4DD-7388AC5ACF5D}.DefaultBuild|x86.Build.0 = Debug|Any CPU
		{B7054E19-B956-4702-B4DD-7388AC5ACF5D}.Release|Any CPU.ActiveCfg = Release|Any CPU
		{B7054E19-B956-4702-B4DD-7388AC5ACF5D}.Release|Any CPU.Build.0 = Release|Any CPU
		{B7054E19-B956-4702-B4DD-7388AC5ACF5D}.Release|x86.ActiveCfg = Release|Any CPU
		{B7054E19-B956-4702-B4DD-7388AC5ACF5D}.Release|x86.Build.0 = Release|Any CPU
		{4DBFE2CF-45E4-4594-8E6A-5EBC2EEF85AE}.All|Any CPU.ActiveCfg = Debug|x86
		{4DBFE2CF-45E4-4594-8E6A-5EBC2EEF85AE}.All|Any CPU.Build.0 = Debug|x86
		{4DBFE2CF-45E4-4594-8E6A-5EBC2EEF85AE}.All|x86.ActiveCfg = Debug|x86
		{4DBFE2CF-45E4-4594-8E6A-5EBC2EEF85AE}.All|x86.Build.0 = Debug|x86
		{4DBFE2CF-45E4-4594-8E6A-5EBC2EEF85AE}.Debug|Any CPU.ActiveCfg = Debug|x86
		{4DBFE2CF-45E4-4594-8E6A-5EBC2EEF85AE}.Debug|x86.ActiveCfg = Debug|x86
		{4DBFE2CF-45E4-4594-8E6A-5EBC2EEF85AE}.Debug|x86.Build.0 = Debug|x86
		{4DBFE2CF-45E4-4594-8E6A-5EBC2EEF85AE}.DefaultBuild|Any CPU.ActiveCfg = Debug|x86
		{4DBFE2CF-45E4-4594-8E6A-5EBC2EEF85AE}.DefaultBuild|Any CPU.Build.0 = Debug|x86
		{4DBFE2CF-45E4-4594-8E6A-5EBC2EEF85AE}.DefaultBuild|x86.ActiveCfg = Debug|x86
		{4DBFE2CF-45E4-4594-8E6A-5EBC2EEF85AE}.DefaultBuild|x86.Build.0 = Debug|x86
		{4DBFE2CF-45E4-4594-8E6A-5EBC2EEF85AE}.Release|Any CPU.ActiveCfg = Release|x86
		{4DBFE2CF-45E4-4594-8E6A-5EBC2EEF85AE}.Release|x86.ActiveCfg = Release|x86
		{4DBFE2CF-45E4-4594-8E6A-5EBC2EEF85AE}.Release|x86.Build.0 = Release|x86
		{B89A0E26-8A40-4EB2-BEEC-100359BCE76E}.All|Any CPU.ActiveCfg = Debug|Any CPU
		{B89A0E26-8A40-4EB2-BEEC-100359BCE76E}.All|Any CPU.Build.0 = Debug|Any CPU
		{B89A0E26-8A40-4EB2-BEEC-100359BCE76E}.All|x86.ActiveCfg = Debug|Any CPU
		{B89A0E26-8A40-4EB2-BEEC-100359BCE76E}.All|x86.Build.0 = Debug|Any CPU
		{B89A0E26-8A40-4EB2-BEEC-100359BCE76E}.Debug|Any CPU.ActiveCfg = Debug|Any CPU
		{B89A0E26-8A40-4EB2-BEEC-100359BCE76E}.Debug|Any CPU.Build.0 = Debug|Any CPU
		{B89A0E26-8A40-4EB2-BEEC-100359BCE76E}.Debug|x86.ActiveCfg = Debug|Any CPU
		{B89A0E26-8A40-4EB2-BEEC-100359BCE76E}.Debug|x86.Build.0 = Debug|Any CPU
		{B89A0E26-8A40-4EB2-BEEC-100359BCE76E}.DefaultBuild|Any CPU.ActiveCfg = Debug|Any CPU
		{B89A0E26-8A40-4EB2-BEEC-100359BCE76E}.DefaultBuild|Any CPU.Build.0 = Debug|Any CPU
		{B89A0E26-8A40-4EB2-BEEC-100359BCE76E}.DefaultBuild|x86.ActiveCfg = Debug|Any CPU
		{B89A0E26-8A40-4EB2-BEEC-100359BCE76E}.DefaultBuild|x86.Build.0 = Debug|Any CPU
		{B89A0E26-8A40-4EB2-BEEC-100359BCE76E}.Release|Any CPU.ActiveCfg = Release|Any CPU
		{B89A0E26-8A40-4EB2-BEEC-100359BCE76E}.Release|Any CPU.Build.0 = Release|Any CPU
		{B89A0E26-8A40-4EB2-BEEC-100359BCE76E}.Release|x86.ActiveCfg = Release|Any CPU
		{B89A0E26-8A40-4EB2-BEEC-100359BCE76E}.Release|x86.Build.0 = Release|Any CPU
	EndGlobalSection
	GlobalSection(SolutionProperties) = preSolution
		HideSolutionNode = FALSE
	EndGlobalSection
	GlobalSection(ExtensibilityGlobals) = postSolution
		RESX_NeutralResourcesLanguage = it-IT
		RESX_AutoCreateNewLanguageFiles = True
		RESX_ConfirmAddLanguageFile = True
		SolutionGuid = {93F9884D-788F-46E3-B2DA-ED81E839C53D}
	EndGlobalSection
EndGlobal
